
Microsoft Visual Studio Solution File, Format Version 12.00
# Visual Studio Version 16
VisualStudioVersion = 16.0.33130.400
MinimumVisualStudioVersion = 10.0.40219.1
Project("{9A19103F-16F7-4668-BE54-9A1E7A4F7556}") = "RazorPagesMovie", "RazorPagesMovie\RazorPagesMovie.csproj", "{DDBD4618-9AB5-4480-8DB4-1BE3AF5CB28A}"
EndProject
Global
	GlobalSection(SolutionConfigurationPlatforms) = preSolution
		Debug|Any CPU = Debug|Any CPU
		Release|Any CPU = Release|Any CPU
	EndGlobalSection
	GlobalSection(ProjectConfigurationPlatforms) = postSolution
		{DDBD4618-9AB5-4480-8DB4-1BE3AF5CB28A}.Debug|Any CPU.ActiveCfg = Debug|Any CPU
		{DDBD4618-9AB5-4480-8DB4-1BE3AF5CB28A}.Debug|Any CPU.Build.0 = Debug|Any CPU
		{DDBD4618-9AB5-4480-8DB4-1BE3AF5CB28A}.Release|Any CPU.ActiveCfg = Release|Any CPU
		{DDBD4618-9AB5-4480-8DB4-1BE3AF5CB28A}.Release|Any CPU.Build.0 = Release|Any CPU
	EndGlobalSection
	GlobalSection(SolutionProperties) = preSolution
		HideSolutionNode = FALSE
	EndGlobalSection
	GlobalSection(ExtensibilityGlobals) = postSolution
		SolutionGuid = {46C55007-5EAD-4043-8DBE-B395B33BF2A5}
	EndGlobalSection
EndGlobal
